
Microsoft Visual Studio Solution File, Format Version 12.00
# Visual Studio 2013
VisualStudioVersion = 12.0.31101.0
MinimumVisualStudioVersion = 10.0.40219.1
Project("{FAE04EC0-301F-11D3-BF4B-00C04F79EFBC}") = "DatabaseManagement", "DatabaseManagement.csproj", "{AD7A8A62-42AE-45C1-AE45-2A3AEB37E550}"
EndProject
Global
	GlobalSection(SolutionConfigurationPlatforms) = preSolution
		Debug|Any CPU = Debug|Any CPU
		Debug|ARM = Debug|ARM
		Debug|x86 = Debug|x86
		Release|Any CPU = Release|Any CPU
		Release|ARM = Release|ARM
		Release|x86 = Release|x86
	EndGlobalSection
	GlobalSection(ProjectConfigurationPlatforms) = postSolution
		{AD7A8A62-42AE-45C1-AE45-2A3AEB37E550}.Debug|Any CPU.ActiveCfg = Debug|Any CPU
		{AD7A8A62-42AE-45C1-AE45-2A3AEB37E550}.Debug|Any CPU.Build.0 = Debug|Any CPU
		{AD7A8A62-42AE-45C1-AE45-2A3AEB37E550}.Debug|ARM.ActiveCfg = Debug|ARM
		{AD7A8A62-42AE-45C1-AE45-2A3AEB37E550}.Debug|ARM.Build.0 = Debug|ARM
		{AD7A8A62-42AE-45C1-AE45-2A3AEB37E550}.Debug|x86.ActiveCfg = Debug|x86
		{AD7A8A62-42AE-45C1-AE45-2A3AEB37E550}.Debug|x86.Build.0 = Debug|x86
		{AD7A8A62-42AE-45C1-AE45-2A3AEB37E550}.Release|Any CPU.ActiveCfg = Release|Any CPU
		{AD7A8A62-42AE-45C1-AE45-2A3AEB37E550}.Release|Any CPU.Build.0 = Release|Any CPU
		{AD7A8A62-42AE-45C1-AE45-2A3AEB37E550}.Release|ARM.ActiveCfg = Release|ARM
		{AD7A8A62-42AE-45C1-AE45-2A3AEB37E550}.Release|ARM.Build.0 = Release|ARM
		{AD7A8A62-42AE-45C1-AE45-2A3AEB37E550}.Release|x86.ActiveCfg = Release|x86
		{AD7A8A62-42AE-45C1-AE45-2A3AEB37E550}.Release|x86.Build.0 = Release|x86
	EndGlobalSection
	GlobalSection(SolutionProperties) = preSolution
		HideSolutionNode = FALSE
	EndGlobalSection
EndGlobal
